
Microsoft Visual Studio Solution File, Format Version 12.00
# Visual Studio Version 17
VisualStudioVersion = 17.4.33213.308
MinimumVisualStudioVersion = 10.0.40219.1
Project("{FAE04EC0-301F-11D3-BF4B-00C04F79EFBC}") = "Test", "Test\Test.csproj", "{29D76B02-0AA6-4756-9A03-70287DDF7234}"
EndProject
Global
	GlobalSection(SolutionConfigurationPlatforms) = preSolution
		Debug|Any CPU = Debug|Any CPU
		Release|Any CPU = Release|Any CPU
	EndGlobalSection
	GlobalSection(ProjectConfigurationPlatforms) = postSolution
		{29D76B02-0AA6-4756-9A03-70287DDF7234}.Debug|Any CPU.ActiveCfg = Debug|Any CPU
		{29D76B02-0AA6-4756-9A03-70287DDF7234}.Debug|Any CPU.Build.0 = Debug|Any CPU
		{29D76B02-0AA6-4756-9A03-70287DDF7234}.Release|Any CPU.ActiveCfg = Release|Any CPU
		{29D76B02-0AA6-4756-9A03-70287DDF7234}.Release|Any CPU.Build.0 = Release|Any CPU
	EndGlobalSection
	GlobalSection(SolutionProperties) = preSolution
		HideSolutionNode = FALSE
	EndGlobalSection
	GlobalSection(ExtensibilityGlobals) = postSolution
		SolutionGuid = {3EE8FD88-6696-477E-8C4E-959722252463}
	EndGlobalSection
EndGlobal
